
Microsoft Visual Studio Solution File, Format Version 12.00
# Visual Studio Version 16
VisualStudioVersion = 16.0.30709.132
MinimumVisualStudioVersion = 10.0.40219.1
Project("{00D1A9C2-B5F0-4AF3-8072-F6C62B433612}") = "Shipping Company", "Shipping Company.sqlproj", "{F1A3757A-EB9C-4779-A236-960CA2A7AB2B}"
EndProject
Global
	GlobalSection(SolutionConfigurationPlatforms) = preSolution
		Debug|Any CPU = Debug|Any CPU
		Release|Any CPU = Release|Any CPU
	EndGlobalSection
	GlobalSection(ProjectConfigurationPlatforms) = postSolution
		{F1A3757A-EB9C-4779-A236-960CA2A7AB2B}.Debug|Any CPU.ActiveCfg = Debug|Any CPU
		{F1A3757A-EB9C-4779-A236-960CA2A7AB2B}.Debug|Any CPU.Build.0 = Debug|Any CPU
		{F1A3757A-EB9C-4779-A236-960CA2A7AB2B}.Debug|Any CPU.Deploy.0 = Debug|Any CPU
		{F1A3757A-EB9C-4779-A236-960CA2A7AB2B}.Release|Any CPU.ActiveCfg = Release|Any CPU
		{F1A3757A-EB9C-4779-A236-960CA2A7AB2B}.Release|Any CPU.Build.0 = Release|Any CPU
		{F1A3757A-EB9C-4779-A236-960CA2A7AB2B}.Release|Any CPU.Deploy.0 = Release|Any CPU
	EndGlobalSection
	GlobalSection(SolutionProperties) = preSolution
		HideSolutionNode = FALSE
	EndGlobalSection
	GlobalSection(ExtensibilityGlobals) = postSolution
		SolutionGuid = {31D8B44C-1640-4B0C-81B8-B395330065F2}
	EndGlobalSection
EndGlobal
